// !$*UTF8*$!
{
	archiveVersion = 1;
	classes = {
	};
	objectVersion = 55;
	objects = {

/* Begin PBXBuildFile section */
		02F6FC6928117B0B003D7984 /* AppDelegate.swift in Sources */ = {isa = PBXBuildFile; fileRef = 02F6FC6828117B0B003D7984 /* AppDelegate.swift */; };
		02F6FC6B28117B0B003D7984 /* SceneDelegate.swift in Sources */ = {isa = PBXBuildFile; fileRef = 02F6FC6A28117B0B003D7984 /* SceneDelegate.swift */; };
		02F6FC6D28117B0B003D7984 /* MainViewController.swift in Sources */ = {isa = PBXBuildFile; fileRef = 02F6FC6C28117B0B003D7984 /* MainViewController.swift */; };
		02F6FC7028117B0B003D7984 /* Main.storyboard in Resources */ = {isa = PBXBuildFile; fileRef = 02F6FC6E28117B0B003D7984 /* Main.storyboard */; };
		02F6FC7328117B0B003D7984 /* Square1Test.xcdatamodeld in Sources */ = {isa = PBXBuildFile; fileRef = 02F6FC7128117B0B003D7984 /* Square1Test.xcdatamodeld */; };
		02F6FC7528117B0F003D7984 /* Assets.xcassets in Resources */ = {isa = PBXBuildFile; fileRef = 02F6FC7428117B0F003D7984 /* Assets.xcassets */; };
		02F6FC7828117B0F003D7984 /* LaunchScreen.storyboard in Resources */ = {isa = PBXBuildFile; fileRef = 02F6FC7628117B0F003D7984 /* LaunchScreen.storyboard */; };
		02F6FC8328117B0F003D7984 /* Square1TestTests.swift in Sources */ = {isa = PBXBuildFile; fileRef = 02F6FC8228117B0F003D7984 /* Square1TestTests.swift */; };
		02F6FC8D28117B0F003D7984 /* Square1TestUITests.swift in Sources */ = {isa = PBXBuildFile; fileRef = 02F6FC8C28117B0F003D7984 /* Square1TestUITests.swift */; };
		02F6FC8F28117B0F003D7984 /* Square1TestUITestsLaunchTests.swift in Sources */ = {isa = PBXBuildFile; fileRef = 02F6FC8E28117B0F003D7984 /* Square1TestUITestsLaunchTests.swift */; };
		02F6FCA3281182F4003D7984 /* MainViewModel.swift in Sources */ = {isa = PBXBuildFile; fileRef = 02F6FCA2281182F4003D7984 /* MainViewModel.swift */; };
		02F6FCA5281183EE003D7984 /* CityInfo.swift in Sources */ = {isa = PBXBuildFile; fileRef = 02F6FCA4281183EE003D7984 /* CityInfo.swift */; };
		02F6FCA728118B1C003D7984 /* CitiesRepository.swift in Sources */ = {isa = PBXBuildFile; fileRef = 02F6FCA628118B1C003D7984 /* CitiesRepository.swift */; };
		02F6FCA928118B8E003D7984 /* DataTypes.swift in Sources */ = {isa = PBXBuildFile; fileRef = 02F6FCA828118B8E003D7984 /* DataTypes.swift */; };
		02F6FCAB28119666003D7984 /* Environment.swift in Sources */ = {isa = PBXBuildFile; fileRef = 02F6FCAA28119666003D7984 /* Environment.swift */; };
		02F6FCAD2811D348003D7984 /* HttpClient.swift in Sources */ = {isa = PBXBuildFile; fileRef = 02F6FCAC2811D348003D7984 /* HttpClient.swift */; };
/* End PBXBuildFile section */

/* Begin PBXContainerItemProxy section */
		02F6FC7F28117B0F003D7984 /* PBXContainerItemProxy */ = {
			isa = PBXContainerItemProxy;
			containerPortal = 02F6FC5D28117B0B003D7984 /* Project object */;
			proxyType = 1;
			remoteGlobalIDString = 02F6FC6428117B0B003D7984;
			remoteInfo = Square1Test;
		};
		02F6FC8928117B0F003D7984 /* PBXContainerItemProxy */ = {
			isa = PBXContainerItemProxy;
			containerPortal = 02F6FC5D28117B0B003D7984 /* Project object */;
			proxyType = 1;
			remoteGlobalIDString = 02F6FC6428117B0B003D7984;
			remoteInfo = Square1Test;
		};
/* End PBXContainerItemProxy section */

/* Begin PBXFileReference section */
		02F6FC6528117B0B003D7984 /* Square1Test.app */ = {isa = PBXFileReference; explicitFileType = wrapper.application; includeInIndex = 0; path = Square1Test.app; sourceTree = BUILT_PRODUCTS_DIR; };
		02F6FC6828117B0B003D7984 /* AppDelegate.swift */ = {isa = PBXFileReference; lastKnownFileType = sourcecode.swift; path = AppDelegate.swift; sourceTree = "<group>"; };
		02F6FC6A28117B0B003D7984 /* SceneDelegate.swift */ = {isa = PBXFileReference; lastKnownFileType = sourcecode.swift; path = SceneDelegate.swift; sourceTree = "<group>"; };
		02F6FC6C28117B0B003D7984 /* MainViewController.swift */ = {isa = PBXFileReference; lastKnownFileType = sourcecode.swift; path = MainViewController.swift; sourceTree = "<group>"; };
		02F6FC6F28117B0B003D7984 /* Base */ = {isa = PBXFileReference; lastKnownFileType = file.storyboard; name = Base; path = Base.lproj/Main.storyboard; sourceTree = "<group>"; };
		02F6FC7228117B0B003D7984 /* Square1Test.xcdatamodel */ = {isa = PBXFileReference; lastKnownFileType = wrapper.xcdatamodel; path = Square1Test.xcdatamodel; sourceTree = "<group>"; };
		02F6FC7428117B0F003D7984 /* Assets.xcassets */ = {isa = PBXFileReference; lastKnownFileType = folder.assetcatalog; path = Assets.xcassets; sourceTree = "<group>"; };
		02F6FC7728117B0F003D7984 /* Base */ = {isa = PBXFileReference; lastKnownFileType = file.storyboard; name = Base; path = Base.lproj/LaunchScreen.storyboard; sourceTree = "<group>"; };
		02F6FC7928117B0F003D7984 /* Info.plist */ = {isa = PBXFileReference; lastKnownFileType = text.plist.xml; path = Info.plist; sourceTree = "<group>"; };
		02F6FC7E28117B0F003D7984 /* Square1TestTests.xctest */ = {isa = PBXFileReference; explicitFileType = wrapper.cfbundle; includeInIndex = 0; path = Square1TestTests.xctest; sourceTree = BUILT_PRODUCTS_DIR; };
		02F6FC8228117B0F003D7984 /* Square1TestTests.swift */ = {isa = PBXFileReference; lastKnownFileType = sourcecode.swift; path = Square1TestTests.swift; sourceTree = "<group>"; };
		02F6FC8828117B0F003D7984 /* Square1TestUITests.xctest */ = {isa = PBXFileReference; explicitFileType = wrapper.cfbundle; includeInIndex = 0; path = Square1TestUITests.xctest; sourceTree = BUILT_PRODUCTS_DIR; };
		02F6FC8C28117B0F003D7984 /* Square1TestUITests.swift */ = {isa = PBXFileReference; lastKnownFileType = sourcecode.swift; path = Square1TestUITests.swift; sourceTree = "<group>"; };
		02F6FC8E28117B0F003D7984 /* Square1TestUITestsLaunchTests.swift */ = {isa = PBXFileReference; lastKnownFileType = sourcecode.swift; path = Square1TestUITestsLaunchTests.swift; sourceTree = "<group>"; };
		02F6FCA2281182F4003D7984 /* MainViewModel.swift */ = {isa = PBXFileReference; lastKnownFileType = sourcecode.swift; path = MainViewModel.swift; sourceTree = "<group>"; };
		02F6FCA4281183EE003D7984 /* CityInfo.swift */ = {isa = PBXFileReference; lastKnownFileType = sourcecode.swift; path = CityInfo.swift; sourceTree = "<group>"; };
		02F6FCA628118B1C003D7984 /* CitiesRepository.swift */ = {isa = PBXFileReference; lastKnownFileType = sourcecode.swift; path = CitiesRepository.swift; sourceTree = "<group>"; };
		02F6FCA828118B8E003D7984 /* DataTypes.swift */ = {isa = PBXFileReference; lastKnownFileType = sourcecode.swift; path = DataTypes.swift; sourceTree = "<group>"; };
		02F6FCAA28119666003D7984 /* Environment.swift */ = {isa = PBXFileReference; lastKnownFileType = sourcecode.swift; path = Environment.swift; sourceTree = "<group>"; };
		02F6FCAC2811D348003D7984 /* HttpClient.swift */ = {isa = PBXFileReference; lastKnownFileType = sourcecode.swift; path = HttpClient.swift; sourceTree = "<group>"; };
/* End PBXFileReference section */

/* Begin PBXFrameworksBuildPhase section */
		02F6FC6228117B0B003D7984 /* Frameworks */ = {
			isa = PBXFrameworksBuildPhase;
			buildActionMask = 2147483647;
			files = (
			);
			runOnlyForDeploymentPostprocessing = 0;
		};
		02F6FC7B28117B0F003D7984 /* Frameworks */ = {
			isa = PBXFrameworksBuildPhase;
			buildActionMask = 2147483647;
			files = (
			);
			runOnlyForDeploymentPostprocessing = 0;
		};
		02F6FC8528117B0F003D7984 /* Frameworks */ = {
			isa = PBXFrameworksBuildPhase;
			buildActionMask = 2147483647;
			files = (
			);
			runOnlyForDeploymentPostprocessing = 0;
		};
/* End PBXFrameworksBuildPhase section */

/* Begin PBXGroup section */
		02F6FC5C28117B0B003D7984 = {
			isa = PBXGroup;
			children = (
				02F6FC6728117B0B003D7984 /* Square1Test */,
				02F6FC8128117B0F003D7984 /* Square1TestTests */,
				02F6FC8B28117B0F003D7984 /* Square1TestUITests */,
				02F6FC6628117B0B003D7984 /* Products */,
			);
			sourceTree = "<group>";
		};
		02F6FC6628117B0B003D7984 /* Products */ = {
			isa = PBXGroup;
			children = (
				02F6FC6528117B0B003D7984 /* Square1Test.app */,
				02F6FC7E28117B0F003D7984 /* Square1TestTests.xctest */,
				02F6FC8828117B0F003D7984 /* Square1TestUITests.xctest */,
			);
			name = Products;
			sourceTree = "<group>";
		};
		02F6FC6728117B0B003D7984 /* Square1Test */ = {
			isa = PBXGroup;
			children = (
				02F6FC9F28117C47003D7984 /* UI */,
				02F6FC9E28117C33003D7984 /* ViewModels */,
				02F6FC9D28117C1B003D7984 /* Repository */,
				02F6FC9C28117C13003D7984 /* Models */,
				02F6FC9B28117C0B003D7984 /* API */,
				02F6FC6828117B0B003D7984 /* AppDelegate.swift */,
				02F6FC6A28117B0B003D7984 /* SceneDelegate.swift */,
				02F6FCAA28119666003D7984 /* Environment.swift */,
				02F6FC7428117B0F003D7984 /* Assets.xcassets */,
				02F6FC7628117B0F003D7984 /* LaunchScreen.storyboard */,
				02F6FC7928117B0F003D7984 /* Info.plist */,
				02F6FC7128117B0B003D7984 /* Square1Test.xcdatamodeld */,
			);
			path = Square1Test;
			sourceTree = "<group>";
		};
		02F6FC8128117B0F003D7984 /* Square1TestTests */ = {
			isa = PBXGroup;
			children = (
				02F6FC8228117B0F003D7984 /* Square1TestTests.swift */,
			);
			path = Square1TestTests;
			sourceTree = "<group>";
		};
		02F6FC8B28117B0F003D7984 /* Square1TestUITests */ = {
			isa = PBXGroup;
			children = (
				02F6FC8C28117B0F003D7984 /* Square1TestUITests.swift */,
				02F6FC8E28117B0F003D7984 /* Square1TestUITestsLaunchTests.swift */,
			);
			path = Square1TestUITests;
			sourceTree = "<group>";
		};
		02F6FC9B28117C0B003D7984 /* API */ = {
			isa = PBXGroup;
			children = (
				02F6FCAC2811D348003D7984 /* HttpClient.swift */,
			);
			path = API;
			sourceTree = "<group>";
		};
		02F6FC9C28117C13003D7984 /* Models */ = {
			isa = PBXGroup;
			children = (
				02F6FCA4281183EE003D7984 /* CityInfo.swift */,
				02F6FCA828118B8E003D7984 /* DataTypes.swift */,
			);
			path = Models;
			sourceTree = "<group>";
		};
		02F6FC9D28117C1B003D7984 /* Repository */ = {
			isa = PBXGroup;
			children = (
				02F6FCA628118B1C003D7984 /* CitiesRepository.swift */,
			);
			path = Repository;
			sourceTree = "<group>";
		};
		02F6FC9E28117C33003D7984 /* ViewModels */ = {
			isa = PBXGroup;
			children = (
				02F6FCA2281182F4003D7984 /* MainViewModel.swift */,
			);
			path = ViewModels;
			sourceTree = "<group>";
		};
		02F6FC9F28117C47003D7984 /* UI */ = {
			isa = PBXGroup;
			children = (
				02F6FCA028117C52003D7984 /* ViewControllers */,
			);
			path = UI;
			sourceTree = "<group>";
		};
		02F6FCA028117C52003D7984 /* ViewControllers */ = {
			isa = PBXGroup;
			children = (
				02F6FCA128117D2A003D7984 /* Main */,
			);
			path = ViewControllers;
			sourceTree = "<group>";
		};
		02F6FCA128117D2A003D7984 /* Main */ = {
			isa = PBXGroup;
			children = (
				02F6FC6E28117B0B003D7984 /* Main.storyboard */,
				02F6FC6C28117B0B003D7984 /* MainViewController.swift */,
			);
			path = Main;
			sourceTree = "<group>";
		};
/* End PBXGroup section */

/* Begin PBXNativeTarget section */
		02F6FC6428117B0B003D7984 /* Square1Test */ = {
			isa = PBXNativeTarget;
			buildConfigurationList = 02F6FC9228117B0F003D7984 /* Build configuration list for PBXNativeTarget "Square1Test" */;
			buildPhases = (
				02F6FC6128117B0B003D7984 /* Sources */,
				02F6FC6228117B0B003D7984 /* Frameworks */,
				02F6FC6328117B0B003D7984 /* Resources */,
			);
			buildRules = (
			);
			dependencies = (
			);
			name = Square1Test;
			productName = Square1Test;
			productReference = 02F6FC6528117B0B003D7984 /* Square1Test.app */;
			productType = "com.apple.product-type.application";
		};
		02F6FC7D28117B0F003D7984 /* Square1TestTests */ = {
			isa = PBXNativeTarget;
			buildConfigurationList = 02F6FC9528117B0F003D7984 /* Build configuration list for PBXNativeTarget "Square1TestTests" */;
			buildPhases = (
				02F6FC7A28117B0F003D7984 /* Sources */,
				02F6FC7B28117B0F003D7984 /* Frameworks */,
				02F6FC7C28117B0F003D7984 /* Resources */,
			);
			buildRules = (
			);
			dependencies = (
				02F6FC8028117B0F003D7984 /* PBXTargetDependency */,
			);
			name = Square1TestTests;
			productName = Square1TestTests;
			productReference = 02F6FC7E28117B0F003D7984 /* Square1TestTests.xctest */;
			productType = "com.apple.product-type.bundle.unit-test";
		};
		02F6FC8728117B0F003D7984 /* Square1TestUITests */ = {
			isa = PBXNativeTarget;
			buildConfigurationList = 02F6FC9828117B0F003D7984 /* Build configuration list for PBXNativeTarget "Square1TestUITests" */;
			buildPhases = (
				02F6FC8428117B0F003D7984 /* Sources */,
				02F6FC8528117B0F003D7984 /* Frameworks */,
				02F6FC8628117B0F003D7984 /* Resources */,
			);
			buildRules = (
			);
			dependencies = (
				02F6FC8A28117B0F003D7984 /* PBXTargetDependency */,
			);
			name = Square1TestUITests;
			productName = Square1TestUITests;
			productReference = 02F6FC8828117B0F003D7984 /* Square1TestUITests.xctest */;
			productType = "com.apple.product-type.bundle.ui-testing";
		};
/* End PBXNativeTarget section */

/* Begin PBXProject section */
		02F6FC5D28117B0B003D7984 /* Project object */ = {
			isa = PBXProject;
			attributes = {
				BuildIndependentTargetsInParallel = 1;
				LastSwiftUpdateCheck = 1320;
				LastUpgradeCheck = 1320;
				TargetAttributes = {
					02F6FC6428117B0B003D7984 = {
						CreatedOnToolsVersion = 13.2.1;
					};
					02F6FC7D28117B0F003D7984 = {
						CreatedOnToolsVersion = 13.2.1;
						TestTargetID = 02F6FC6428117B0B003D7984;
					};
					02F6FC8728117B0F003D7984 = {
						CreatedOnToolsVersion = 13.2.1;
						TestTargetID = 02F6FC6428117B0B003D7984;
					};
				};
			};
			buildConfigurationList = 02F6FC6028117B0B003D7984 /* Build configuration list for PBXProject "Square1Test" */;
			compatibilityVersion = "Xcode 13.0";
			developmentRegion = en;
			hasScannedForEncodings = 0;
			knownRegions = (
				en,
				Base,
			);
			mainGroup = 02F6FC5C28117B0B003D7984;
			productRefGroup = 02F6FC6628117B0B003D7984 /* Products */;
			projectDirPath = "";
			projectRoot = "";
			targets = (
				02F6FC6428117B0B003D7984 /* Square1Test */,
				02F6FC7D28117B0F003D7984 /* Square1TestTests */,
				02F6FC8728117B0F003D7984 /* Square1TestUITests */,
			);
		};
/* End PBXProject section */

/* Begin PBXResourcesBuildPhase section */
		02F6FC6328117B0B003D7984 /* Resources */ = {
			isa = PBXResourcesBuildPhase;
			buildActionMask = 2147483647;
			files = (
				02F6FC7828117B0F003D7984 /* LaunchScreen.storyboard in Resources */,
				02F6FC7528117B0F003D7984 /* Assets.xcassets in Resources */,
				02F6FC7028117B0B003D7984 /* Main.storyboard in Resources */,
			);
			runOnlyForDeploymentPostprocessing = 0;
		};
		02F6FC7C28117B0F003D7984 /* Resources */ = {
			isa = PBXResourcesBuildPhase;
			buildActionMask = 2147483647;
			files = (
			);
			runOnlyForDeploymentPostprocessing = 0;
		};
		02F6FC8628117B0F003D7984 /* Resources */ = {
			isa = PBXResourcesBuildPhase;
			buildActionMask = 2147483647;
			files = (
			);
			runOnlyForDeploymentPostprocessing = 0;
		};
/* End PBXResourcesBuildPhase section */

/* Begin PBXSourcesBuildPhase section */
		02F6FC6128117B0B003D7984 /* Sources */ = {
			isa = PBXSourcesBuildPhase;
			buildActionMask = 2147483647;
			files = (
				02F6FCAD2811D348003D7984 /* HttpClient.swift in Sources */,
				02F6FCA3281182F4003D7984 /* MainViewModel.swift in Sources */,
				02F6FCA928118B8E003D7984 /* DataTypes.swift in Sources */,
				02F6FC6D28117B0B003D7984 /* MainViewController.swift in Sources */,
				02F6FC6928117B0B003D7984 /* AppDelegate.swift in Sources */,
				02F6FCAB28119666003D7984 /* Environment.swift in Sources */,
				02F6FCA728118B1C003D7984 /* CitiesRepository.swift in Sources */,
				02F6FC7328117B0B003D7984 /* Square1Test.xcdatamodeld in Sources */,
				02F6FCA5281183EE003D7984 /* CityInfo.swift in Sources */,
				02F6FC6B28117B0B003D7984 /* SceneDelegate.swift in Sources */,
			);
			runOnlyForDeploymentPostprocessing = 0;
		};
		02F6FC7A28117B0F003D7984 /* Sources */ = {
			isa = PBXSourcesBuildPhase;
			buildActionMask = 2147483647;
			files = (
				02F6FC8328117B0F003D7984 /* Square1TestTests.swift in Sources */,
			);
			runOnlyForDeploymentPostprocessing = 0;
		};
		02F6FC8428117B0F003D7984 /* Sources */ = {
			isa = PBXSourcesBuildPhase;
			buildActionMask = 2147483647;
			files = (
				02F6FC8D28117B0F003D7984 /* Square1TestUITests.swift in Sources */,
				02F6FC8F28117B0F003D7984 /* Square1TestUITestsLaunchTests.swift in Sources */,
			);
			runOnlyForDeploymentPostprocessing = 0;
		};
/* End PBXSourcesBuildPhase section */

/* Begin PBXTargetDependency section */
		02F6FC8028117B0F003D7984 /* PBXTargetDependency */ = {
			isa = PBXTargetDependency;
			target = 02F6FC6428117B0B003D7984 /* Square1Test */;
			targetProxy = 02F6FC7F28117B0F003D7984 /* PBXContainerItemProxy */;
		};
		02F6FC8A28117B0F003D7984 /* PBXTargetDependency */ = {
			isa = PBXTargetDependency;
			target = 02F6FC6428117B0B003D7984 /* Square1Test */;
			targetProxy = 02F6FC8928117B0F003D7984 /* PBXContainerItemProxy */;
		};
/* End PBXTargetDependency section */

/* Begin PBXVariantGroup section */
		02F6FC6E28117B0B003D7984 /* Main.storyboard */ = {
			isa = PBXVariantGroup;
			children = (
				02F6FC6F28117B0B003D7984 /* Base */,
			);
			name = Main.storyboard;
			sourceTree = "<group>";
		};
		02F6FC7628117B0F003D7984 /* LaunchScreen.storyboard */ = {
			isa = PBXVariantGroup;
			children = (
				02F6FC7728117B0F003D7984 /* Base */,
			);
			name = LaunchScreen.storyboard;
			sourceTree = "<group>";
		};
/* End PBXVariantGroup section */

/* Begin XCBuildConfiguration section */
		02F6FC9028117B0F003D7984 /* Debug */ = {
			isa = XCBuildConfiguration;
			buildSettings = {
				ALWAYS_SEARCH_USER_PATHS = NO;
				CLANG_ANALYZER_NONNULL = YES;
				CLANG_ANALYZER_NUMBER_OBJECT_CONVERSION = YES_AGGRESSIVE;
				CLANG_CXX_LANGUAGE_STANDARD = "gnu++17";
				CLANG_CXX_LIBRARY = "libc++";
				CLANG_ENABLE_MODULES = YES;
				CLANG_ENABLE_OBJC_ARC = YES;
				CLANG_ENABLE_OBJC_WEAK = YES;
				CLANG_WARN_BLOCK_CAPTURE_AUTORELEASING = YES;
				CLANG_WARN_BOOL_CONVERSION = YES;
				CLANG_WARN_COMMA = YES;
				CLANG_WARN_CONSTANT_CONVERSION = YES;
				CLANG_WARN_DEPRECATED_OBJC_IMPLEMENTATIONS = YES;
				CLANG_WARN_DIRECT_OBJC_ISA_USAGE = YES_ERROR;
				CLANG_WARN_DOCUMENTATION_COMMENTS = YES;
				CLANG_WARN_EMPTY_BODY = YES;
				CLANG_WARN_ENUM_CONVERSION = YES;
				CLANG_WARN_INFINITE_RECURSION = YES;
				CLANG_WARN_INT_CONVERSION = YES;
				CLANG_WARN_NON_LITERAL_NULL_CONVERSION = YES;
				CLANG_WARN_OBJC_IMPLICIT_RETAIN_SELF = YES;
				CLANG_WARN_OBJC_LITERAL_CONVERSION = YES;
				CLANG_WARN_OBJC_ROOT_CLASS = YES_ERROR;
				CLANG_WARN_QUOTED_INCLUDE_IN_FRAMEWORK_HEADER = YES;
				CLANG_WARN_RANGE_LOOP_ANALYSIS = YES;
				CLANG_WARN_STRICT_PROTOTYPES = YES;
				CLANG_WARN_SUSPICIOUS_MOVE = YES;
				CLANG_WARN_UNGUARDED_AVAILABILITY = YES_AGGRESSIVE;
				CLANG_WARN_UNREACHABLE_CODE = YES;
				CLANG_WARN__DUPLICATE_METHOD_MATCH = YES;
				COPY_PHASE_STRIP = NO;
				DEBUG_INFORMATION_FORMAT = dwarf;
				ENABLE_STRICT_OBJC_MSGSEND = YES;
				ENABLE_TESTABILITY = YES;
				GCC_C_LANGUAGE_STANDARD = gnu11;
				GCC_DYNAMIC_NO_PIC = NO;
				GCC_NO_COMMON_BLOCKS = YES;
				GCC_OPTIMIZATION_LEVEL = 0;
				GCC_PREPROCESSOR_DEFINITIONS = (
					"DEBUG=1",
					"$(inherited)",
				);
				GCC_WARN_64_TO_32_BIT_CONVERSION = YES;
				GCC_WARN_ABOUT_RETURN_TYPE = YES_ERROR;
				GCC_WARN_UNDECLARED_SELECTOR = YES;
				GCC_WARN_UNINITIALIZED_AUTOS = YES_AGGRESSIVE;
				GCC_WARN_UNUSED_FUNCTION = YES;
				GCC_WARN_UNUSED_VARIABLE = YES;
				IPHONEOS_DEPLOYMENT_TARGET = 15.2;
				MTL_ENABLE_DEBUG_INFO = INCLUDE_SOURCE;
				MTL_FAST_MATH = YES;
				ONLY_ACTIVE_ARCH = YES;
				SDKROOT = iphoneos;
				SWIFT_ACTIVE_COMPILATION_CONDITIONS = DEBUG;
				SWIFT_OPTIMIZATION_LEVEL = "-Onone";
			};
			name = Debug;
		};
		02F6FC9128117B0F003D7984 /* Release */ = {
			isa = XCBuildConfiguration;
			buildSettings = {
				ALWAYS_SEARCH_USER_PATHS = NO;
				CLANG_ANALYZER_NONNULL = YES;
				CLANG_ANALYZER_NUMBER_OBJECT_CONVERSION = YES_AGGRESSIVE;
				CLANG_CXX_LANGUAGE_STANDARD = "gnu++17";
				CLANG_CXX_LIBRARY = "libc++";
				CLANG_ENABLE_MODULES = YES;
				CLANG_ENABLE_OBJC_ARC = YES;
				CLANG_ENABLE_OBJC_WEAK = YES;
				CLANG_WARN_BLOCK_CAPTURE_AUTORELEASING = YES;
				CLANG_WARN_BOOL_CONVERSION = YES;
				CLANG_WARN_COMMA = YES;
				CLANG_WARN_CONSTANT_CONVERSION = YES;
				CLANG_WARN_DEPRECATED_OBJC_IMPLEMENTATIONS = YES;
				CLANG_WARN_DIRECT_OBJC_ISA_USAGE = YES_ERROR;
				CLANG_WARN_DOCUMENTATION_COMMENTS = YES;
				CLANG_WARN_EMPTY_BODY = YES;
				CLANG_WARN_ENUM_CONVERSION = YES;
				CLANG_WARN_INFINITE_RECURSION = YES;
				CLANG_WARN_INT_CONVERSION = YES;
				CLANG_WARN_NON_LITERAL_NULL_CONVERSION = YES;
				CLANG_WARN_OBJC_IMPLICIT_RETAIN_SELF = YES;
				CLANG_WARN_OBJC_LITERAL_CONVERSION = YES;
				CLANG_WARN_OBJC_ROOT_CLASS = YES_ERROR;
				CLANG_WARN_QUOTED_INCLUDE_IN_FRAMEWORK_HEADER = YES;
				CLANG_WARN_RANGE_LOOP_ANALYSIS = YES;
				CLANG_WARN_STRICT_PROTOTYPES = YES;
				CLANG_WARN_SUSPICIOUS_MOVE = YES;
				CLANG_WARN_UNGUARDED_AVAILABILITY = YES_AGGRESSIVE;
				CLANG_WARN_UNREACHABLE_CODE = YES;
				CLANG_WARN__DUPLICATE_METHOD_MATCH = YES;
				COPY_PHASE_STRIP = NO;
				DEBUG_INFORMATION_FORMAT = "dwarf-with-dsym";
				ENABLE_NS_ASSERTIONS = NO;
				ENABLE_STRICT_OBJC_MSGSEND = YES;
				GCC_C_LANGUAGE_STANDARD = gnu11;
				GCC_NO_COMMON_BLOCKS = YES;
				GCC_WARN_64_TO_32_BIT_CONVERSION = YES;
				GCC_WARN_ABOUT_RETURN_TYPE = YES_ERROR;
				GCC_WARN_UNDECLARED_SELECTOR = YES;
				GCC_WARN_UNINITIALIZED_AUTOS = YES_AGGRESSIVE;
				GCC_WARN_UNUSED_FUNCTION = YES;
				GCC_WARN_UNUSED_VARIABLE = YES;
				IPHONEOS_DEPLOYMENT_TARGET = 15.2;
				MTL_ENABLE_DEBUG_INFO = NO;
				MTL_FAST_MATH = YES;
				SDKROOT = iphoneos;
				SWIFT_COMPILATION_MODE = wholemodule;
				SWIFT_OPTIMIZATION_LEVEL = "-O";
				VALIDATE_PRODUCT = YES;
			};
			name = Release;
		};
		02F6FC9328117B0F003D7984 /* Debug */ = {
			isa = XCBuildConfiguration;
			buildSettings = {
				ASSETCATALOG_COMPILER_APPICON_NAME = AppIcon;
				ASSETCATALOG_COMPILER_GLOBAL_ACCENT_COLOR_NAME = AccentColor;
				CODE_SIGN_STYLE = Automatic;
				CURRENT_PROJECT_VERSION = 1;
				GENERATE_INFOPLIST_FILE = YES;
				INFOPLIST_FILE = Square1Test/Info.plist;
				INFOPLIST_KEY_UIApplicationSupportsIndirectInputEvents = YES;
				INFOPLIST_KEY_UILaunchStoryboardName = LaunchScreen;
				INFOPLIST_KEY_UIMainStoryboardFile = Main;
				INFOPLIST_KEY_UISupportedInterfaceOrientations_iPad = "UIInterfaceOrientationPortrait UIInterfaceOrientationPortraitUpsideDown UIInterfaceOrientationLandscapeLeft UIInterfaceOrientationLandscapeRight";
				INFOPLIST_KEY_UISupportedInterfaceOrientations_iPhone = "UIInterfaceOrientationPortrait UIInterfaceOrientationLandscapeLeft UIInterfaceOrientationLandscapeRight";
				LD_RUNPATH_SEARCH_PATHS = (
					"$(inherited)",
					"@executable_path/Frameworks",
				);
				MARKETING_VERSION = 1.0;
				PRODUCT_BUNDLE_IDENTIFIER = serg.mykhailov.app.Square1Test;
				PRODUCT_NAME = "$(TARGET_NAME)";
				SWIFT_EMIT_LOC_STRINGS = YES;
				SWIFT_VERSION = 5.0;
				TARGETED_DEVICE_FAMILY = "1,2";
			};
			name = Debug;
		};
		02F6FC9428117B0F003D7984 /* Release */ = {
			isa = XCBuildConfiguration;
			buildSettings = {
				ASSETCATALOG_COMPILER_APPICON_NAME = AppIcon;
				ASSETCATALOG_COMPILER_GLOBAL_ACCENT_COLOR_NAME = AccentColor;
				CODE_SIGN_STYLE = Automatic;
				CURRENT_PROJECT_VERSION = 1;
				GENERATE_INFOPLIST_FILE = YES;
				INFOPLIST_FILE = Square1Test/Info.plist;
				INFOPLIST_KEY_UIApplicationSupportsIndirectInputEvents = YES;
				INFOPLIST_KEY_UILaunchStoryboardName = LaunchScreen;
				INFOPLIST_KEY_UIMainStoryboardFile = Main;
				INFOPLIST_KEY_UISupportedInterfaceOrientations_iPad = "UIInterfaceOrientationPortrait UIInterfaceOrientationPortraitUpsideDown UIInterfaceOrientationLandscapeLeft UIInterfaceOrientationLandscapeRight";
				INFOPLIST_KEY_UISupportedInterfaceOrientations_iPhone = "UIInterfaceOrientationPortrait UIInterfaceOrientationLandscapeLeft UIInterfaceOrientationLandscapeRight";
				LD_RUNPATH_SEARCH_PATHS = (
					"$(inherited)",
					"@executable_path/Frameworks",
				);
				MARKETING_VERSION = 1.0;
				PRODUCT_BUNDLE_IDENTIFIER = serg.mykhailov.app.Square1Test;
				PRODUCT_NAME = "$(TARGET_NAME)";
				SWIFT_EMIT_LOC_STRINGS = YES;
				SWIFT_VERSION = 5.0;
				TARGETED_DEVICE_FAMILY = "1,2";
			};
			name = Release;
		};
		02F6FC9628117B0F003D7984 /* Debug */ = {
			isa = XCBuildConfiguration;
			buildSettings = {
				ALWAYS_EMBED_SWIFT_STANDARD_LIBRARIES = YES;
				BUNDLE_LOADER = "$(TEST_HOST)";
				CODE_SIGN_STYLE = Automatic;
				CURRENT_PROJECT_VERSION = 1;
				GENERATE_INFOPLIST_FILE = YES;
				IPHONEOS_DEPLOYMENT_TARGET = 15.2;
				MARKETING_VERSION = 1.0;
				PRODUCT_BUNDLE_IDENTIFIER = serg.mykhailov.app.Square1TestTests;
				PRODUCT_NAME = "$(TARGET_NAME)";
				SWIFT_EMIT_LOC_STRINGS = NO;
				SWIFT_VERSION = 5.0;
				TARGETED_DEVICE_FAMILY = "1,2";
				TEST_HOST = "$(BUILT_PRODUCTS_DIR)/Square1Test.app/Square1Test";
			};
			name = Debug;
		};
		02F6FC9728117B0F003D7984 /* Release */ = {
			isa = XCBuildConfiguration;
			buildSettings = {
				ALWAYS_EMBED_SWIFT_STANDARD_LIBRARIES = YES;
				BUNDLE_LOADER = "$(TEST_HOST)";
				CODE_SIGN_STYLE = Automatic;
				CURRENT_PROJECT_VERSION = 1;
				GENERATE_INFOPLIST_FILE = YES;
				IPHONEOS_DEPLOYMENT_TARGET = 15.2;
				MARKETING_VERSION = 1.0;
				PRODUCT_BUNDLE_IDENTIFIER = serg.mykhailov.app.Square1TestTests;
				PRODUCT_NAME = "$(TARGET_NAME)";
				SWIFT_EMIT_LOC_STRINGS = NO;
				SWIFT_VERSION = 5.0;
				TARGETED_DEVICE_FAMILY = "1,2";
				TEST_HOST = "$(BUILT_PRODUCTS_DIR)/Square1Test.app/Square1Test";
			};
			name = Release;
		};
		02F6FC9928117B0F003D7984 /* Debug */ = {
			isa = XCBuildConfiguration;
			buildSettings = {
				ALWAYS_EMBED_SWIFT_STANDARD_LIBRARIES = YES;
				CODE_SIGN_STYLE = Automatic;
				CURRENT_PROJECT_VERSION = 1;
				GENERATE_INFOPLIST_FILE = YES;
				MARKETING_VERSION = 1.0;
				PRODUCT_BUNDLE_IDENTIFIER = serg.mykhailov.app.Square1TestUITests;
				PRODUCT_NAME = "$(TARGET_NAME)";
				SWIFT_EMIT_LOC_STRINGS = NO;
				SWIFT_VERSION = 5.0;
				TARGETED_DEVICE_FAMILY = "1,2";
				TEST_TARGET_NAME = Square1Test;
			};
			name = Debug;
		};
		02F6FC9A28117B0F003D7984 /* Release */ = {
			isa = XCBuildConfiguration;
			buildSettings = {
				ALWAYS_EMBED_SWIFT_STANDARD_LIBRARIES = YES;
				CODE_SIGN_STYLE = Automatic;
				CURRENT_PROJECT_VERSION = 1;
				GENERATE_INFOPLIST_FILE = YES;
				MARKETING_VERSION = 1.0;
				PRODUCT_BUNDLE_IDENTIFIER = serg.mykhailov.app.Square1TestUITests;
				PRODUCT_NAME = "$(TARGET_NAME)";
				SWIFT_EMIT_LOC_STRINGS = NO;
				SWIFT_VERSION = 5.0;
				TARGETED_DEVICE_FAMILY = "1,2";
				TEST_TARGET_NAME = Square1Test;
			};
			name = Release;
		};
/* End XCBuildConfiguration section */

/* Begin XCConfigurationList section */
		02F6FC6028117B0B003D7984 /* Build configuration list for PBXProject "Square1Test" */ = {
			isa = XCConfigurationList;
			buildConfigurations = (
				02F6FC9028117B0F003D7984 /* Debug */,
				02F6FC9128117B0F003D7984 /* Release */,
			);
			defaultConfigurationIsVisible = 0;
			defaultConfigurationName = Release;
		};
		02F6FC9228117B0F003D7984 /* Build configuration list for PBXNativeTarget "Square1Test" */ = {
			isa = XCConfigurationList;
			buildConfigurations = (
				02F6FC9328117B0F003D7984 /* Debug */,
				02F6FC9428117B0F003D7984 /* Release */,
			);
			defaultConfigurationIsVisible = 0;
			defaultConfigurationName = Release;
		};
		02F6FC9528117B0F003D7984 /* Build configuration list for PBXNativeTarget "Square1TestTests" */ = {
			isa = XCConfigurationList;
			buildConfigurations = (
				02F6FC9628117B0F003D7984 /* Debug */,
				02F6FC9728117B0F003D7984 /* Release */,
			);
			defaultConfigurationIsVisible = 0;
			defaultConfigurationName = Release;
		};
		02F6FC9828117B0F003D7984 /* Build configuration list for PBXNativeTarget "Square1TestUITests" */ = {
			isa = XCConfigurationList;
			buildConfigurations = (
				02F6FC9928117B0F003D7984 /* Debug */,
				02F6FC9A28117B0F003D7984 /* Release */,
			);
			defaultConfigurationIsVisible = 0;
			defaultConfigurationName = Release;
		};
/* End XCConfigurationList section */

/* Begin XCVersionGroup section */
		02F6FC7128117B0B003D7984 /* Square1Test.xcdatamodeld */ = {
			isa = XCVersionGroup;
			children = (
				02F6FC7228117B0B003D7984 /* Square1Test.xcdatamodel */,
			);
			currentVersion = 02F6FC7228117B0B003D7984 /* Square1Test.xcdatamodel */;
			path = Square1Test.xcdatamodeld;
			sourceTree = "<group>";
			versionGroupType = wrapper.xcdatamodel;
		};
/* End XCVersionGroup section */
	};
	rootObject = 02F6FC5D28117B0B003D7984 /* Project object */;
}
